
Microsoft Visual Studio Solution File, Format Version 12.00
# Visual Studio Version 17
VisualStudioVersion = 17.5.002.0
MinimumVisualStudioVersion = 10.0.40219.1
Project("{9A19103F-16F7-4668-BE54-9A1E7A4F7556}") = "app", "app\app.csproj", "{132F7F3E-256C-4E33-A2F9-C3281901796D}"
EndProject
Global
	GlobalSection(SolutionConfigurationPlatforms) = preSolution
		Debug|Any CPU = Debug|Any CPU
		Release|Any CPU = Release|Any CPU
	EndGlobalSection
	GlobalSection(ProjectConfigurationPlatforms) = postSolution
		{132F7F3E-256C-4E33-A2F9-C3281901796D}.Debug|Any CPU.ActiveCfg = Debug|Any CPU
		{132F7F3E-256C-4E33-A2F9-C3281901796D}.Debug|Any CPU.Build.0 = Debug|Any CPU
		{132F7F3E-256C-4E33-A2F9-C3281901796D}.Release|Any CPU.ActiveCfg = Release|Any CPU
		{132F7F3E-256C-4E33-A2F9-C3281901796D}.Release|Any CPU.Build.0 = Release|Any CPU
	EndGlobalSection
	GlobalSection(SolutionProperties) = preSolution
		HideSolutionNode = FALSE
	EndGlobalSection
	GlobalSection(ExtensibilityGlobals) = postSolution
		SolutionGuid = {2D624198-9517-4E14-B300-E02D2D2F57F8}
	EndGlobalSection
EndGlobal
